// !$*UTF8*$!
{
	archiveVersion = 1;
	classes = {
	};
	objectVersion = 46;
	objects = {

/* Begin PBXBuildFile section */
		8C954E581C8CA8C3003CA855 /* AppDelegate.swift in Sources */ = {isa = PBXBuildFile; fileRef = 8C954E571C8CA8C3003CA855 /* AppDelegate.swift */; };
		8C954E611C8CA8C3003CA855 /* Assets.xcassets in Resources */ = {isa = PBXBuildFile; fileRef = 8C954E601C8CA8C3003CA855 /* Assets.xcassets */; };
		8C954E641C8CA8C3003CA855 /* LaunchScreen.storyboard in Resources */ = {isa = PBXBuildFile; fileRef = 8C954E621C8CA8C3003CA855 /* LaunchScreen.storyboard */; };
		8C954E6E1C8CD53A003CA855 /* MasaVC.swift in Sources */ = {isa = PBXBuildFile; fileRef = 8C954E6D1C8CD53A003CA855 /* MasaVC.swift */; };
		8C954E701C8CD551003CA855 /* QuesoVC.swift in Sources */ = {isa = PBXBuildFile; fileRef = 8C954E6F1C8CD551003CA855 /* QuesoVC.swift */; };
		8C954E721C8CD561003CA855 /* OtrosVC.swift in Sources */ = {isa = PBXBuildFile; fileRef = 8C954E711C8CD561003CA855 /* OtrosVC.swift */; };
		8C954E741C8CD57A003CA855 /* HornoVC.swift in Sources */ = {isa = PBXBuildFile; fileRef = 8C954E731C8CD57A003CA855 /* HornoVC.swift */; };
		8C954E761C8CD59D003CA855 /* TamanoVC.swift in Sources */ = {isa = PBXBuildFile; fileRef = 8C954E751C8CD59D003CA855 /* TamanoVC.swift */; };
		8C954E7A1C8D7848003CA855 /* PizzaClass.swift in Sources */ = {isa = PBXBuildFile; fileRef = 8C954E791C8D7848003CA855 /* PizzaClass.swift */; };
		8CF338BF1C8E07D2004B68D1 /* Main.storyboard in Resources */ = {isa = PBXBuildFile; fileRef = 8CF338BE1C8E07D2004B68D1 /* Main.storyboard */; };
/* End PBXBuildFile section */

/* Begin PBXFileReference section */
		8C954E541C8CA8C3003CA855 /* PizzaMaker.app */ = {isa = PBXFileReference; explicitFileType = wrapper.application; includeInIndex = 0; path = PizzaMaker.app; sourceTree = BUILT_PRODUCTS_DIR; };
		8C954E571C8CA8C3003CA855 /* AppDelegate.swift */ = {isa = PBXFileReference; lastKnownFileType = sourcecode.swift; path = AppDelegate.swift; sourceTree = "<group>"; };
		8C954E601C8CA8C3003CA855 /* Assets.xcassets */ = {isa = PBXFileReference; lastKnownFileType = folder.assetcatalog; path = Assets.xcassets; sourceTree = "<group>"; };
		8C954E631C8CA8C3003CA855 /* Base */ = {isa = PBXFileReference; lastKnownFileType = file.storyboard; name = Base; path = Base.lproj/LaunchScreen.storyboard; sourceTree = "<group>"; };
		8C954E651C8CA8C3003CA855 /* Info.plist */ = {isa = PBXFileReference; lastKnownFileType = text.plist.xml; path = Info.plist; sourceTree = "<group>"; };
		8C954E6D1C8CD53A003CA855 /* MasaVC.swift */ = {isa = PBXFileReference; fileEncoding = 4; lastKnownFileType = sourcecode.swift; path = MasaVC.swift; sourceTree = "<group>"; };
		8C954E6F1C8CD551003CA855 /* QuesoVC.swift */ = {isa = PBXFileReference; fileEncoding = 4; lastKnownFileType = sourcecode.swift; path = QuesoVC.swift; sourceTree = "<group>"; };
		8C954E711C8CD561003CA855 /* OtrosVC.swift */ = {isa = PBXFileReference; fileEncoding = 4; lastKnownFileType = sourcecode.swift; path = OtrosVC.swift; sourceTree = "<group>"; };
		8C954E731C8CD57A003CA855 /* HornoVC.swift */ = {isa = PBXFileReference; fileEncoding = 4; lastKnownFileType = sourcecode.swift; path = HornoVC.swift; sourceTree = "<group>"; };
		8C954E751C8CD59D003CA855 /* TamanoVC.swift */ = {isa = PBXFileReference; fileEncoding = 4; lastKnownFileType = sourcecode.swift; name = TamanoVC.swift; path = ../TamanoVC.swift; sourceTree = "<group>"; };
		8C954E791C8D7848003CA855 /* PizzaClass.swift */ = {isa = PBXFileReference; fileEncoding = 4; lastKnownFileType = sourcecode.swift; path = PizzaClass.swift; sourceTree = "<group>"; };
		8CF338BE1C8E07D2004B68D1 /* Main.storyboard */ = {isa = PBXFileReference; fileEncoding = 4; lastKnownFileType = file.storyboard; path = Main.storyboard; sourceTree = "<group>"; };
/* End PBXFileReference section */

/* Begin PBXFrameworksBuildPhase section */
		8C954E511C8CA8C3003CA855 /* Frameworks */ = {
			isa = PBXFrameworksBuildPhase;
			buildActionMask = 2147483647;
			files = (
			);
			runOnlyForDeploymentPostprocessing = 0;
		};
/* End PBXFrameworksBuildPhase section */

/* Begin PBXGroup section */
		8C954E4B1C8CA8C3003CA855 = {
			isa = PBXGroup;
			children = (
				8C954E561C8CA8C3003CA855 /* PizzaMaker */,
				8C954E551C8CA8C3003CA855 /* Products */,
			);
			sourceTree = "<group>";
		};
		8C954E551C8CA8C3003CA855 /* Products */ = {
			isa = PBXGroup;
			children = (
				8C954E541C8CA8C3003CA855 /* PizzaMaker.app */,
			);
			name = Products;
			sourceTree = "<group>";
		};
		8C954E561C8CA8C3003CA855 /* PizzaMaker */ = {
			isa = PBXGroup;
			children = (
				8C954E571C8CA8C3003CA855 /* AppDelegate.swift */,
				8CF338BE1C8E07D2004B68D1 /* Main.storyboard */,
				8C954E601C8CA8C3003CA855 /* Assets.xcassets */,
				8C954E621C8CA8C3003CA855 /* LaunchScreen.storyboard */,
				8C954E651C8CA8C3003CA855 /* Info.plist */,
				8C954E751C8CD59D003CA855 /* TamanoVC.swift */,
				8C954E6D1C8CD53A003CA855 /* MasaVC.swift */,
				8C954E6F1C8CD551003CA855 /* QuesoVC.swift */,
				8C954E711C8CD561003CA855 /* OtrosVC.swift */,
				8C954E731C8CD57A003CA855 /* HornoVC.swift */,
				8C954E791C8D7848003CA855 /* PizzaClass.swift */,
			);
			path = PizzaMaker;
			sourceTree = "<group>";
		};
/* End PBXGroup section */

/* Begin PBXNativeTarget section */
		8C954E531C8CA8C3003CA855 /* PizzaMaker */ = {
			isa = PBXNativeTarget;
			buildConfigurationList = 8C954E681C8CA8C3003CA855 /* Build configuration list for PBXNativeTarget "PizzaMaker" */;
			buildPhases = (
				8C954E501C8CA8C3003CA855 /* Sources */,
				8C954E511C8CA8C3003CA855 /* Frameworks */,
				8C954E521C8CA8C3003CA855 /* Resources */,
			);
			buildRules = (
			);
			dependencies = (
			);
			name = PizzaMaker;
			productName = PizzaMaker;
			productReference = 8C954E541C8CA8C3003CA855 /* PizzaMaker.app */;
			productType = "com.apple.product-type.application";
		};
/* End PBXNativeTarget section */

/* Begin PBXProject section */
		8C954E4C1C8CA8C3003CA855 /* Project object */ = {
			isa = PBXProject;
			attributes = {
				LastSwiftUpdateCheck = 0720;
				LastUpgradeCheck = 0720;
				ORGANIZATIONNAME = Tablaz;
				TargetAttributes = {
					8C954E531C8CA8C3003CA855 = {
						CreatedOnToolsVersion = 7.2;
					};
				};
			};
			buildConfigurationList = 8C954E4F1C8CA8C3003CA855 /* Build configuration list for PBXProject "PizzaMaker" */;
			compatibilityVersion = "Xcode 3.2";
			developmentRegion = English;
			hasScannedForEncodings = 0;
			knownRegions = (
				en,
				Base,
			);
			mainGroup = 8C954E4B1C8CA8C3003CA855;
			productRefGroup = 8C954E551C8CA8C3003CA855 /* Products */;
			projectDirPath = "";
			projectRoot = "";
			targets = (
				8C954E531C8CA8C3003CA855 /* PizzaMaker */,
			);
		};
/* End PBXProject section */

/* Begin PBXResourcesBuildPhase section */
		8C954E521C8CA8C3003CA855 /* Resources */ = {
			isa = PBXResourcesBuildPhase;
			buildActionMask = 2147483647;
			files = (
				8CF338BF1C8E07D2004B68D1 /* Main.storyboard in Resources */,
				8C954E641C8CA8C3003CA855 /* LaunchScreen.storyboard in Resources */,
				8C954E611C8CA8C3003CA855 /* Assets.xcassets in Resources */,
			);
			runOnlyForDeploymentPostprocessing = 0;
		};
/* End PBXResourcesBuildPhase section */

/* Begin PBXSourcesBuildPhase section */
		8C954E501C8CA8C3003CA855 /* Sources */ = {
			isa = PBXSourcesBuildPhase;
			buildActionMask = 2147483647;
			files = (
				8C954E581C8CA8C3003CA855 /* AppDelegate.swift in Sources */,
				8C954E761C8CD59D003CA855 /* TamanoVC.swift in Sources */,
				8C954E721C8CD561003CA855 /* OtrosVC.swift in Sources */,
				8C954E7A1C8D7848003CA855 /* PizzaClass.swift in Sources */,
				8C954E6E1C8CD53A003CA855 /* MasaVC.swift in Sources */,
				8C954E701C8CD551003CA855 /* QuesoVC.swift in Sources */,
				8C954E741C8CD57A003CA855 /* HornoVC.swift in Sources */,
			);
			runOnlyForDeploymentPostprocessing = 0;
		};
/* End PBXSourcesBuildPhase section */

/* Begin PBXVariantGroup section */
		8C954E621C8CA8C3003CA855 /* LaunchScreen.storyboard */ = {
			isa = PBXVariantGroup;
			children = (
				8C954E631C8CA8C3003CA855 /* Base */,
			);
			name = LaunchScreen.storyboard;
			sourceTree = "<group>";
		};
/* End PBXVariantGroup section */

/* Begin XCBuildConfiguration section */
		8C954E661C8CA8C3003CA855 /* Debug */ = {
			isa = XCBuildConfiguration;
			buildSettings = {
				ALWAYS_SEARCH_USER_PATHS = NO;
				CLANG_CXX_LANGUAGE_STANDARD = "gnu++0x";
				CLANG_CXX_LIBRARY = "libc++";
				CLANG_ENABLE_MODULES = YES;
				CLANG_ENABLE_OBJC_ARC = YES;
				CLANG_WARN_BOOL_CONVERSION = YES;
				CLANG_WARN_CONSTANT_CONVERSION = YES;
				CLANG_WARN_DIRECT_OBJC_ISA_USAGE = YES_ERROR;
				CLANG_WARN_EMPTY_BODY = YES;
				CLANG_WARN_ENUM_CONVERSION = YES;
				CLANG_WARN_INT_CONVERSION = YES;
				CLANG_WARN_OBJC_ROOT_CLASS = YES_ERROR;
				CLANG_WARN_UNREACHABLE_CODE = YES;
				CLANG_WARN__DUPLICATE_METHOD_MATCH = YES;
				"CODE_SIGN_IDENTITY[sdk=iphoneos*]" = "iPhone Developer";
				COPY_PHASE_STRIP = NO;
				DEBUG_INFORMATION_FORMAT = dwarf;
				ENABLE_STRICT_OBJC_MSGSEND = YES;
				ENABLE_TESTABILITY = YES;
				GCC_C_LANGUAGE_STANDARD = gnu99;
				GCC_DYNAMIC_NO_PIC = NO;
				GCC_NO_COMMON_BLOCKS = YES;
				GCC_OPTIMIZATION_LEVEL = 0;
				GCC_PREPROCESSOR_DEFINITIONS = (
					"DEBUG=1",
					"$(inherited)",
				);
				GCC_WARN_64_TO_32_BIT_CONVERSION = YES;
				GCC_WARN_ABOUT_RETURN_TYPE = YES_ERROR;
				GCC_WARN_UNDECLARED_SELECTOR = YES;
				GCC_WARN_UNINITIALIZED_AUTOS = YES_AGGRESSIVE;
				GCC_WARN_UNUSED_FUNCTION = YES;
				GCC_WARN_UNUSED_VARIABLE = YES;
				IPHONEOS_DEPLOYMENT_TARGET = 9.2;
				MTL_ENABLE_DEBUG_INFO = YES;
				ONLY_ACTIVE_ARCH = YES;
				SDKROOT = iphoneos;
				SWIFT_OPTIMIZATION_LEVEL = "-Onone";
			};
			name = Debug;
		};
		8C954E671C8CA8C3003CA855 /* Release */ = {
			isa = XCBuildConfiguration;
			buildSettings = {
				ALWAYS_SEARCH_USER_PATHS = NO;
				CLANG_CXX_LANGUAGE_STANDARD = "gnu++0x";
				CLANG_CXX_LIBRARY = "libc++";
				CLANG_ENABLE_MODULES = YES;
				CLANG_ENABLE_OBJC_ARC = YES;
				CLANG_WARN_BOOL_CONVERSION = YES;
				CLANG_WARN_CONSTANT_CONVERSION = YES;
				CLANG_WARN_DIRECT_OBJC_ISA_USAGE = YES_ERROR;
				CLANG_WARN_EMPTY_BODY = YES;
				CLANG_WARN_ENUM_CONVERSION = YES;
				CLANG_WARN_INT_CONVERSION = YES;
				CLANG_WARN_OBJC_ROOT_CLASS = YES_ERROR;
				CLANG_WARN_UNREACHABLE_CODE = YES;
				CLANG_WARN__DUPLICATE_METHOD_MATCH = YES;
				"CODE_SIGN_IDENTITY[sdk=iphoneos*]" = "iPhone Developer";
				COPY_PHASE_STRIP = NO;
				DEBUG_INFORMATION_FORMAT = "dwarf-with-dsym";
				ENABLE_NS_ASSERTIONS = NO;
				ENABLE_STRICT_OBJC_MSGSEND = YES;
				GCC_C_LANGUAGE_STANDARD = gnu99;
				GCC_NO_COMMON_BLOCKS = YES;
				GCC_WARN_64_TO_32_BIT_CONVERSION = YES;
				GCC_WARN_ABOUT_RETURN_TYPE = YES_ERROR;
				GCC_WARN_UNDECLARED_SELECTOR = YES;
				GCC_WARN_UNINITIALIZED_AUTOS = YES_AGGRESSIVE;
				GCC_WARN_UNUSED_FUNCTION = YES;
				GCC_WARN_UNUSED_VARIABLE = YES;
				IPHONEOS_DEPLOYMENT_TARGET = 9.2;
				MTL_ENABLE_DEBUG_INFO = NO;
				SDKROOT = iphoneos;
				VALIDATE_PRODUCT = YES;
			};
			name = Release;
		};
		8C954E691C8CA8C3003CA855 /* Debug */ = {
			isa = XCBuildConfiguration;
			buildSettings = {
				ASSETCATALOG_COMPILER_APPICON_NAME = AppIcon;
				CODE_SIGN_IDENTITY = "iPhone Developer";
				INFOPLIST_FILE = PizzaMaker/Info.plist;
				LD_RUNPATH_SEARCH_PATHS = "$(inherited) @executable_path/Frameworks";
				PRODUCT_BUNDLE_IDENTIFIER = com.tablaz.PizzaMaker;
				PRODUCT_NAME = "$(TARGET_NAME)";
			};
			name = Debug;
		};
		8C954E6A1C8CA8C3003CA855 /* Release */ = {
			isa = XCBuildConfiguration;
			buildSettings = {
				ASSETCATALOG_COMPILER_APPICON_NAME = AppIcon;
				CODE_SIGN_IDENTITY = "iPhone Developer";
				INFOPLIST_FILE = PizzaMaker/Info.plist;
				LD_RUNPATH_SEARCH_PATHS = "$(inherited) @executable_path/Frameworks";
				PRODUCT_BUNDLE_IDENTIFIER = com.tablaz.PizzaMaker;
				PRODUCT_NAME = "$(TARGET_NAME)";
			};
			name = Release;
		};
/* End XCBuildConfiguration section */

/* Begin XCConfigurationList section */
		8C954E4F1C8CA8C3003CA855 /* Build configuration list for PBXProject "PizzaMaker" */ = {
			isa = XCConfigurationList;
			buildConfigurations = (
				8C954E661C8CA8C3003CA855 /* Debug */,
				8C954E671C8CA8C3003CA855 /* Release */,
			);
			defaultConfigurationIsVisible = 0;
			defaultConfigurationName = Release;
		};
		8C954E681C8CA8C3003CA855 /* Build configuration list for PBXNativeTarget "PizzaMaker" */ = {
			isa = XCConfigurationList;
			buildConfigurations = (
				8C954E691C8CA8C3003CA855 /* Debug */,
				8C954E6A1C8CA8C3003CA855 /* Release */,
			);
			defaultConfigurationIsVisible = 0;
			defaultConfigurationName = Release;
		};
/* End XCConfigurationList section */
	};
	rootObject = 8C954E4C1C8CA8C3003CA855 /* Project object */;
}
